
Microsoft Visual Studio Solution File, Format Version 12.00
# Visual Studio 2012
Project("{FAE04EC0-301F-11D3-BF4B-00C04F79EFBC}") = "EF01", "EF01\EF01.csproj", "{CD4D10E8-D63E-4144-8DB6-5549513AA7A3}"
EndProject
Project("{FAE04EC0-301F-11D3-BF4B-00C04F79EFBC}") = "CacheTest", "CacheTest\CacheTest.csproj", "{2BEF4729-3A12-47FF-908B-B570AAD68F9E}"
EndProject
Project("{FAE04EC0-301F-11D3-BF4B-00C04F79EFBC}") = "ChangeMonitorTest", "ChangeMonitorTest\ChangeMonitorTest.csproj", "{1107C636-3DF0-478D-9895-428351C50271}"
EndProject
Project("{FAE04EC0-301F-11D3-BF4B-00C04F79EFBC}") = "AsyncAwait", "AsyncAwait\AsyncAwait.csproj", "{9A4E624D-7379-43EB-82DF-4F3F806DCCE8}"
EndProject
Project("{FAE04EC0-301F-11D3-BF4B-00C04F79EFBC}") = "WcfApp01", "WcfApp01\WcfApp01.csproj", "{670F398C-7082-46CC-87D0-67D59797D96E}"
EndProject
Project("{FAE04EC0-301F-11D3-BF4B-00C04F79EFBC}") = "WcfClient01", "WcfClient01\WcfClient01.csproj", "{B1E0DC89-F745-41AE-A56A-583C39AC2F2A}"
	ProjectSection(ProjectDependencies) = postProject
		{670F398C-7082-46CC-87D0-67D59797D96E} = {670F398C-7082-46CC-87D0-67D59797D96E}
	EndProjectSection
EndProject
Global
	GlobalSection(SolutionConfigurationPlatforms) = preSolution
		Debug|Any CPU = Debug|Any CPU
		Release|Any CPU = Release|Any CPU
	EndGlobalSection
	GlobalSection(ProjectConfigurationPlatforms) = postSolution
		{CD4D10E8-D63E-4144-8DB6-5549513AA7A3}.Debug|Any CPU.ActiveCfg = Debug|Any CPU
		{CD4D10E8-D63E-4144-8DB6-5549513AA7A3}.Debug|Any CPU.Build.0 = Debug|Any CPU
		{CD4D10E8-D63E-4144-8DB6-5549513AA7A3}.Release|Any CPU.ActiveCfg = Release|Any CPU
		{CD4D10E8-D63E-4144-8DB6-5549513AA7A3}.Release|Any CPU.Build.0 = Release|Any CPU
		{2BEF4729-3A12-47FF-908B-B570AAD68F9E}.Debug|Any CPU.ActiveCfg = Debug|Any CPU
		{2BEF4729-3A12-47FF-908B-B570AAD68F9E}.Debug|Any CPU.Build.0 = Debug|Any CPU
		{2BEF4729-3A12-47FF-908B-B570AAD68F9E}.Release|Any CPU.ActiveCfg = Release|Any CPU
		{2BEF4729-3A12-47FF-908B-B570AAD68F9E}.Release|Any CPU.Build.0 = Release|Any CPU
		{1107C636-3DF0-478D-9895-428351C50271}.Debug|Any CPU.ActiveCfg = Debug|Any CPU
		{1107C636-3DF0-478D-9895-428351C50271}.Debug|Any CPU.Build.0 = Debug|Any CPU
		{1107C636-3DF0-478D-9895-428351C50271}.Release|Any CPU.ActiveCfg = Release|Any CPU
		{1107C636-3DF0-478D-9895-428351C50271}.Release|Any CPU.Build.0 = Release|Any CPU
		{9A4E624D-7379-43EB-82DF-4F3F806DCCE8}.Debug|Any CPU.ActiveCfg = Debug|Any CPU
		{9A4E624D-7379-43EB-82DF-4F3F806DCCE8}.Debug|Any CPU.Build.0 = Debug|Any CPU
		{9A4E624D-7379-43EB-82DF-4F3F806DCCE8}.Release|Any CPU.ActiveCfg = Release|Any CPU
		{9A4E624D-7379-43EB-82DF-4F3F806DCCE8}.Release|Any CPU.Build.0 = Release|Any CPU
		{670F398C-7082-46CC-87D0-67D59797D96E}.Debug|Any CPU.ActiveCfg = Debug|Any CPU
		{670F398C-7082-46CC-87D0-67D59797D96E}.Debug|Any CPU.Build.0 = Debug|Any CPU
		{670F398C-7082-46CC-87D0-67D59797D96E}.Release|Any CPU.ActiveCfg = Release|Any CPU
		{670F398C-7082-46CC-87D0-67D59797D96E}.Release|Any CPU.Build.0 = Release|Any CPU
		{B1E0DC89-F745-41AE-A56A-583C39AC2F2A}.Debug|Any CPU.ActiveCfg = Debug|Any CPU
		{B1E0DC89-F745-41AE-A56A-583C39AC2F2A}.Debug|Any CPU.Build.0 = Debug|Any CPU
		{B1E0DC89-F745-41AE-A56A-583C39AC2F2A}.Release|Any CPU.ActiveCfg = Release|Any CPU
		{B1E0DC89-F745-41AE-A56A-583C39AC2F2A}.Release|Any CPU.Build.0 = Release|Any CPU
	EndGlobalSection
	GlobalSection(SolutionProperties) = preSolution
		HideSolutionNode = FALSE
	EndGlobalSection
EndGlobal
